
Microsoft Visual Studio Solution File, Format Version 12.00
# Visual Studio Version 17
VisualStudioVersion = 17.14.36511.14 d17.14
MinimumVisualStudioVersion = 10.0.40219.1
Project("{FAE04EC0-301F-11D3-BF4B-00C04F79EFBC}") = "MudBlazorWebApp2", "MudBlazorWebApp2\MudBlazorWebApp2.csproj", "{28F13663-1023-475B-B649-5B0BDC88C3C0}"
EndProject
Global
	GlobalSection(SolutionConfigurationPlatforms) = preSolution
		Debug|Any CPU = Debug|Any CPU
		Release|Any CPU = Release|Any CPU
	EndGlobalSection
	GlobalSection(ProjectConfigurationPlatforms) = postSolution
		{28F13663-1023-475B-B649-5B0BDC88C3C0}.Debug|Any CPU.ActiveCfg = Debug|Any CPU
		{28F13663-1023-475B-B649-5B0BDC88C3C0}.Debug|Any CPU.Build.0 = Debug|Any CPU
		{28F13663-1023-475B-B649-5B0BDC88C3C0}.Release|Any CPU.ActiveCfg = Release|Any CPU
		{28F13663-1023-475B-B649-5B0BDC88C3C0}.Release|Any CPU.Build.0 = Release|Any CPU
	EndGlobalSection
	GlobalSection(SolutionProperties) = preSolution
		HideSolutionNode = FALSE
	EndGlobalSection
	GlobalSection(ExtensibilityGlobals) = postSolution
		SolutionGuid = {11410C84-17EA-4821-A3A8-A23999280428}
	EndGlobalSection
EndGlobal
